
Microsoft Visual Studio Solution File, Format Version 12.00
# Visual Studio Version 16
VisualStudioVersion = 16.0.32510.428
MinimumVisualStudioVersion = 10.0.40219.1
Project("{FAE04EC0-301F-11D3-BF4B-00C04F79EFBC}") = "WebAdministrator", "WebAdministrator\WebAdministrator.csproj", "{81C4806F-9CA3-4D11-89C2-9D0EC6732480}"
EndProject
Global
	GlobalSection(SolutionConfigurationPlatforms) = preSolution
		Debug|Any CPU = Debug|Any CPU
		Release|Any CPU = Release|Any CPU
	EndGlobalSection
	GlobalSection(ProjectConfigurationPlatforms) = postSolution
		{81C4806F-9CA3-4D11-89C2-9D0EC6732480}.Debug|Any CPU.ActiveCfg = Debug|Any CPU
		{81C4806F-9CA3-4D11-89C2-9D0EC6732480}.Debug|Any CPU.Build.0 = Debug|Any CPU
		{81C4806F-9CA3-4D11-89C2-9D0EC6732480}.Release|Any CPU.ActiveCfg = Release|Any CPU
		{81C4806F-9CA3-4D11-89C2-9D0EC6732480}.Release|Any CPU.Build.0 = Release|Any CPU
	EndGlobalSection
	GlobalSection(SolutionProperties) = preSolution
		HideSolutionNode = FALSE
	EndGlobalSection
	GlobalSection(ExtensibilityGlobals) = postSolution
		SolutionGuid = {27536ADA-2615-4E78-9B93-8D903C677B9C}
	EndGlobalSection
EndGlobal
